// !$*UTF8*$!
{
	archiveVersion = 1;
	classes = {
	};
	objectVersion = 56;
	objects = {

/* Begin PBXBuildFile section */
		C893DEE129FAFC480031CC08 /* NewTaskViewController.swift in Sources */ = {isa = PBXBuildFile; fileRef = C893DEE029FAFC480031CC08 /* NewTaskViewController.swift */; };
		C893DEE329FAFD8E0031CC08 /* NewTaskVC.storyboard in Resources */ = {isa = PBXBuildFile; fileRef = C893DEE229FAFD8E0031CC08 /* NewTaskVC.storyboard */; };
		E042BA3529F90E370084D721 /* AppDelegate.swift in Sources */ = {isa = PBXBuildFile; fileRef = E042BA3429F90E370084D721 /* AppDelegate.swift */; };
		E042BA3729F90E370084D721 /* SceneDelegate.swift in Sources */ = {isa = PBXBuildFile; fileRef = E042BA3629F90E370084D721 /* SceneDelegate.swift */; };
		E042BA3929F90E370084D721 /* ViewController.swift in Sources */ = {isa = PBXBuildFile; fileRef = E042BA3829F90E370084D721 /* ViewController.swift */; };
		E042BA3C29F90E370084D721 /* Main.storyboard in Resources */ = {isa = PBXBuildFile; fileRef = E042BA3A29F90E370084D721 /* Main.storyboard */; };
		E042BA3E29F90E3C0084D721 /* Assets.xcassets in Resources */ = {isa = PBXBuildFile; fileRef = E042BA3D29F90E3C0084D721 /* Assets.xcassets */; };
		E042BA4129F90E3C0084D721 /* LaunchScreen.storyboard in Resources */ = {isa = PBXBuildFile; fileRef = E042BA3F29F90E3C0084D721 /* LaunchScreen.storyboard */; };
/* End PBXBuildFile section */

/* Begin PBXFileReference section */
		C893DEE029FAFC480031CC08 /* NewTaskViewController.swift */ = {isa = PBXFileReference; lastKnownFileType = sourcecode.swift; path = NewTaskViewController.swift; sourceTree = "<group>"; };
		C893DEE229FAFD8E0031CC08 /* NewTaskVC.storyboard */ = {isa = PBXFileReference; lastKnownFileType = file.storyboard; path = NewTaskVC.storyboard; sourceTree = "<group>"; };
		E042BA3129F90E370084D721 /* TaskManager.app */ = {isa = PBXFileReference; explicitFileType = wrapper.application; includeInIndex = 0; path = TaskManager.app; sourceTree = BUILT_PRODUCTS_DIR; };
		E042BA3429F90E370084D721 /* AppDelegate.swift */ = {isa = PBXFileReference; lastKnownFileType = sourcecode.swift; path = AppDelegate.swift; sourceTree = "<group>"; };
		E042BA3629F90E370084D721 /* SceneDelegate.swift */ = {isa = PBXFileReference; lastKnownFileType = sourcecode.swift; path = SceneDelegate.swift; sourceTree = "<group>"; };
		E042BA3829F90E370084D721 /* ViewController.swift */ = {isa = PBXFileReference; lastKnownFileType = sourcecode.swift; path = ViewController.swift; sourceTree = "<group>"; };
		E042BA3B29F90E370084D721 /* Base */ = {isa = PBXFileReference; lastKnownFileType = file.storyboard; name = Base; path = Base.lproj/Main.storyboard; sourceTree = "<group>"; };
		E042BA3D29F90E3C0084D721 /* Assets.xcassets */ = {isa = PBXFileReference; lastKnownFileType = folder.assetcatalog; path = Assets.xcassets; sourceTree = "<group>"; };
		E042BA4029F90E3C0084D721 /* Base */ = {isa = PBXFileReference; lastKnownFileType = file.storyboard; name = Base; path = Base.lproj/LaunchScreen.storyboard; sourceTree = "<group>"; };
		E042BA4229F90E3C0084D721 /* Info.plist */ = {isa = PBXFileReference; lastKnownFileType = text.plist.xml; path = Info.plist; sourceTree = "<group>"; };
/* End PBXFileReference section */

/* Begin PBXFrameworksBuildPhase section */
		E042BA2E29F90E370084D721 /* Frameworks */ = {
			isa = PBXFrameworksBuildPhase;
			buildActionMask = 2147483647;
			files = (
			);
			runOnlyForDeploymentPostprocessing = 0;
		};
/* End PBXFrameworksBuildPhase section */

/* Begin PBXGroup section */
		E042BA2829F90E370084D721 = {
			isa = PBXGroup;
			children = (
				E042BA3329F90E370084D721 /* TaskManager */,
				E042BA3229F90E370084D721 /* Products */,
			);
			sourceTree = "<group>";
		};
		E042BA3229F90E370084D721 /* Products */ = {
			isa = PBXGroup;
			children = (
				E042BA3129F90E370084D721 /* TaskManager.app */,
			);
			name = Products;
			sourceTree = "<group>";
		};
		E042BA3329F90E370084D721 /* TaskManager */ = {
			isa = PBXGroup;
			children = (
				E042BA4929F90E940084D721 /* App */,
				E042BA4A29F90EA00084D721 /* ViewControllers */,
				E042BA4829F90E840084D721 /* Storyboard */,
				E042BA3D29F90E3C0084D721 /* Assets.xcassets */,
			);
			path = TaskManager;
			sourceTree = "<group>";
		};
		E042BA4829F90E840084D721 /* Storyboard */ = {
			isa = PBXGroup;
			children = (
				E042BA3A29F90E370084D721 /* Main.storyboard */,
				E042BA3F29F90E3C0084D721 /* LaunchScreen.storyboard */,
				C893DEE229FAFD8E0031CC08 /* NewTaskVC.storyboard */,
			);
			path = Storyboard;
			sourceTree = "<group>";
		};
		E042BA4929F90E940084D721 /* App */ = {
			isa = PBXGroup;
			children = (
				E042BA4229F90E3C0084D721 /* Info.plist */,
				E042BA3429F90E370084D721 /* AppDelegate.swift */,
				E042BA3629F90E370084D721 /* SceneDelegate.swift */,
			);
			path = App;
			sourceTree = "<group>";
		};
		E042BA4A29F90EA00084D721 /* ViewControllers */ = {
			isa = PBXGroup;
			children = (
				E042BA3829F90E370084D721 /* ViewController.swift */,
				C893DEE029FAFC480031CC08 /* NewTaskViewController.swift */,
			);
			path = ViewControllers;
			sourceTree = "<group>";
		};
/* End PBXGroup section */

/* Begin PBXNativeTarget section */
		E042BA3029F90E370084D721 /* TaskManager */ = {
			isa = PBXNativeTarget;
			buildConfigurationList = E042BA4529F90E3C0084D721 /* Build configuration list for PBXNativeTarget "TaskManager" */;
			buildPhases = (
				E042BA2D29F90E370084D721 /* Sources */,
				E042BA2E29F90E370084D721 /* Frameworks */,
				E042BA2F29F90E370084D721 /* Resources */,
			);
			buildRules = (
			);
			dependencies = (
			);
			name = TaskManager;
			productName = TaskManager;
			productReference = E042BA3129F90E370084D721 /* TaskManager.app */;
			productType = "com.apple.product-type.application";
		};
/* End PBXNativeTarget section */

/* Begin PBXProject section */
		E042BA2929F90E370084D721 /* Project object */ = {
			isa = PBXProject;
			attributes = {
				BuildIndependentTargetsInParallel = 1;
				LastSwiftUpdateCheck = 1430;
				LastUpgradeCheck = 1430;
				TargetAttributes = {
					E042BA3029F90E370084D721 = {
						CreatedOnToolsVersion = 14.3;
					};
				};
			};
			buildConfigurationList = E042BA2C29F90E370084D721 /* Build configuration list for PBXProject "TaskManager" */;
			compatibilityVersion = "Xcode 14.0";
			developmentRegion = en;
			hasScannedForEncodings = 0;
			knownRegions = (
				en,
				Base,
			);
			mainGroup = E042BA2829F90E370084D721;
			productRefGroup = E042BA3229F90E370084D721 /* Products */;
			projectDirPath = "";
			projectRoot = "";
			targets = (
				E042BA3029F90E370084D721 /* TaskManager */,
			);
		};
/* End PBXProject section */

/* Begin PBXResourcesBuildPhase section */
		E042BA2F29F90E370084D721 /* Resources */ = {
			isa = PBXResourcesBuildPhase;
			buildActionMask = 2147483647;
			files = (
				E042BA4129F90E3C0084D721 /* LaunchScreen.storyboard in Resources */,
				C893DEE329FAFD8E0031CC08 /* NewTaskVC.storyboard in Resources */,
				E042BA3E29F90E3C0084D721 /* Assets.xcassets in Resources */,
				E042BA3C29F90E370084D721 /* Main.storyboard in Resources */,
			);
			runOnlyForDeploymentPostprocessing = 0;
		};
/* End PBXResourcesBuildPhase section */

/* Begin PBXSourcesBuildPhase section */
		E042BA2D29F90E370084D721 /* Sources */ = {
			isa = PBXSourcesBuildPhase;
			buildActionMask = 2147483647;
			files = (
				E042BA3929F90E370084D721 /* ViewController.swift in Sources */,
				E042BA3529F90E370084D721 /* AppDelegate.swift in Sources */,
				C893DEE129FAFC480031CC08 /* NewTaskViewController.swift in Sources */,
				E042BA3729F90E370084D721 /* SceneDelegate.swift in Sources */,
			);
			runOnlyForDeploymentPostprocessing = 0;
		};
/* End PBXSourcesBuildPhase section */

/* Begin PBXVariantGroup section */
		E042BA3A29F90E370084D721 /* Main.storyboard */ = {
			isa = PBXVariantGroup;
			children = (
				E042BA3B29F90E370084D721 /* Base */,
			);
			name = Main.storyboard;
			sourceTree = "<group>";
		};
		E042BA3F29F90E3C0084D721 /* LaunchScreen.storyboard */ = {
			isa = PBXVariantGroup;
			children = (
				E042BA4029F90E3C0084D721 /* Base */,
			);
			name = LaunchScreen.storyboard;
			sourceTree = "<group>";
		};
/* End PBXVariantGroup section */

/* Begin XCBuildConfiguration section */
		E042BA4329F90E3C0084D721 /* Debug */ = {
			isa = XCBuildConfiguration;
			buildSettings = {
				ALWAYS_SEARCH_USER_PATHS = NO;
				CLANG_ANALYZER_NONNULL = YES;
				CLANG_ANALYZER_NUMBER_OBJECT_CONVERSION = YES_AGGRESSIVE;
				CLANG_CXX_LANGUAGE_STANDARD = "gnu++20";
				CLANG_ENABLE_MODULES = YES;
				CLANG_ENABLE_OBJC_ARC = YES;
				CLANG_ENABLE_OBJC_WEAK = YES;
				CLANG_WARN_BLOCK_CAPTURE_AUTORELEASING = YES;
				CLANG_WARN_BOOL_CONVERSION = YES;
				CLANG_WARN_COMMA = YES;
				CLANG_WARN_CONSTANT_CONVERSION = YES;
				CLANG_WARN_DEPRECATED_OBJC_IMPLEMENTATIONS = YES;
				CLANG_WARN_DIRECT_OBJC_ISA_USAGE = YES_ERROR;
				CLANG_WARN_DOCUMENTATION_COMMENTS = YES;
				CLANG_WARN_EMPTY_BODY = YES;
				CLANG_WARN_ENUM_CONVERSION = YES;
				CLANG_WARN_INFINITE_RECURSION = YES;
				CLANG_WARN_INT_CONVERSION = YES;
				CLANG_WARN_NON_LITERAL_NULL_CONVERSION = YES;
				CLANG_WARN_OBJC_IMPLICIT_RETAIN_SELF = YES;
				CLANG_WARN_OBJC_LITERAL_CONVERSION = YES;
				CLANG_WARN_OBJC_ROOT_CLASS = YES_ERROR;
				CLANG_WARN_QUOTED_INCLUDE_IN_FRAMEWORK_HEADER = YES;
				CLANG_WARN_RANGE_LOOP_ANALYSIS = YES;
				CLANG_WARN_STRICT_PROTOTYPES = YES;
				CLANG_WARN_SUSPICIOUS_MOVE = YES;
				CLANG_WARN_UNGUARDED_AVAILABILITY = YES_AGGRESSIVE;
				CLANG_WARN_UNREACHABLE_CODE = YES;
				CLANG_WARN__DUPLICATE_METHOD_MATCH = YES;
				COPY_PHASE_STRIP = NO;
				DEBUG_INFORMATION_FORMAT = dwarf;
				ENABLE_STRICT_OBJC_MSGSEND = YES;
				ENABLE_TESTABILITY = YES;
				GCC_C_LANGUAGE_STANDARD = gnu11;
				GCC_DYNAMIC_NO_PIC = NO;
				GCC_NO_COMMON_BLOCKS = YES;
				GCC_OPTIMIZATION_LEVEL = 0;
				GCC_PREPROCESSOR_DEFINITIONS = (
					"DEBUG=1",
					"$(inherited)",
				);
				GCC_WARN_64_TO_32_BIT_CONVERSION = YES;
				GCC_WARN_ABOUT_RETURN_TYPE = YES_ERROR;
				GCC_WARN_UNDECLARED_SELECTOR = YES;
				GCC_WARN_UNINITIALIZED_AUTOS = YES_AGGRESSIVE;
				GCC_WARN_UNUSED_FUNCTION = YES;
				GCC_WARN_UNUSED_VARIABLE = YES;
				IPHONEOS_DEPLOYMENT_TARGET = 16.4;
				MTL_ENABLE_DEBUG_INFO = INCLUDE_SOURCE;
				MTL_FAST_MATH = YES;
				ONLY_ACTIVE_ARCH = YES;
				SDKROOT = iphoneos;
				SWIFT_ACTIVE_COMPILATION_CONDITIONS = DEBUG;
				SWIFT_OPTIMIZATION_LEVEL = "-Onone";
			};
			name = Debug;
		};
		E042BA4429F90E3C0084D721 /* Release */ = {
			isa = XCBuildConfiguration;
			buildSettings = {
				ALWAYS_SEARCH_USER_PATHS = NO;
				CLANG_ANALYZER_NONNULL = YES;
				CLANG_ANALYZER_NUMBER_OBJECT_CONVERSION = YES_AGGRESSIVE;
				CLANG_CXX_LANGUAGE_STANDARD = "gnu++20";
				CLANG_ENABLE_MODULES = YES;
				CLANG_ENABLE_OBJC_ARC = YES;
				CLANG_ENABLE_OBJC_WEAK = YES;
				CLANG_WARN_BLOCK_CAPTURE_AUTORELEASING = YES;
				CLANG_WARN_BOOL_CONVERSION = YES;
				CLANG_WARN_COMMA = YES;
				CLANG_WARN_CONSTANT_CONVERSION = YES;
				CLANG_WARN_DEPRECATED_OBJC_IMPLEMENTATIONS = YES;
				CLANG_WARN_DIRECT_OBJC_ISA_USAGE = YES_ERROR;
				CLANG_WARN_DOCUMENTATION_COMMENTS = YES;
				CLANG_WARN_EMPTY_BODY = YES;
				CLANG_WARN_ENUM_CONVERSION = YES;
				CLANG_WARN_INFINITE_RECURSION = YES;
				CLANG_WARN_INT_CONVERSION = YES;
				CLANG_WARN_NON_LITERAL_NULL_CONVERSION = YES;
				CLANG_WARN_OBJC_IMPLICIT_RETAIN_SELF = YES;
				CLANG_WARN_OBJC_LITERAL_CONVERSION = YES;
				CLANG_WARN_OBJC_ROOT_CLASS = YES_ERROR;
				CLANG_WARN_QUOTED_INCLUDE_IN_FRAMEWORK_HEADER = YES;
				CLANG_WARN_RANGE_LOOP_ANALYSIS = YES;
				CLANG_WARN_STRICT_PROTOTYPES = YES;
				CLANG_WARN_SUSPICIOUS_MOVE = YES;
				CLANG_WARN_UNGUARDED_AVAILABILITY = YES_AGGRESSIVE;
				CLANG_WARN_UNREACHABLE_CODE = YES;
				CLANG_WARN__DUPLICATE_METHOD_MATCH = YES;
				COPY_PHASE_STRIP = NO;
				DEBUG_INFORMATION_FORMAT = "dwarf-with-dsym";
				ENABLE_NS_ASSERTIONS = NO;
				ENABLE_STRICT_OBJC_MSGSEND = YES;
				GCC_C_LANGUAGE_STANDARD = gnu11;
				GCC_NO_COMMON_BLOCKS = YES;
				GCC_WARN_64_TO_32_BIT_CONVERSION = YES;
				GCC_WARN_ABOUT_RETURN_TYPE = YES_ERROR;
				GCC_WARN_UNDECLARED_SELECTOR = YES;
				GCC_WARN_UNINITIALIZED_AUTOS = YES_AGGRESSIVE;
				GCC_WARN_UNUSED_FUNCTION = YES;
				GCC_WARN_UNUSED_VARIABLE = YES;
				IPHONEOS_DEPLOYMENT_TARGET = 16.4;
				MTL_ENABLE_DEBUG_INFO = NO;
				MTL_FAST_MATH = YES;
				SDKROOT = iphoneos;
				SWIFT_COMPILATION_MODE = wholemodule;
				SWIFT_OPTIMIZATION_LEVEL = "-O";
				VALIDATE_PRODUCT = YES;
			};
			name = Release;
		};
		E042BA4629F90E3C0084D721 /* Debug */ = {
			isa = XCBuildConfiguration;
			buildSettings = {
				ASSETCATALOG_COMPILER_APPICON_NAME = AppIcon;
				ASSETCATALOG_COMPILER_GLOBAL_ACCENT_COLOR_NAME = AccentColor;
				CODE_SIGN_STYLE = Automatic;
				CURRENT_PROJECT_VERSION = 1;
				DEVELOPMENT_TEAM = C87Q7272PH;
				GENERATE_INFOPLIST_FILE = YES;
				INFOPLIST_FILE = TaskManager/App/Info.plist;
				INFOPLIST_KEY_UIApplicationSupportsIndirectInputEvents = YES;
				INFOPLIST_KEY_UILaunchStoryboardName = LaunchScreen;
				INFOPLIST_KEY_UIMainStoryboardFile = Main;
				INFOPLIST_KEY_UISupportedInterfaceOrientations_iPad = "UIInterfaceOrientationPortrait UIInterfaceOrientationPortraitUpsideDown UIInterfaceOrientationLandscapeLeft UIInterfaceOrientationLandscapeRight";
				INFOPLIST_KEY_UISupportedInterfaceOrientations_iPhone = "UIInterfaceOrientationPortrait UIInterfaceOrientationLandscapeLeft UIInterfaceOrientationLandscapeRight";
				LD_RUNPATH_SEARCH_PATHS = (
					"$(inherited)",
					"@executable_path/Frameworks",
				);
				MARKETING_VERSION = 1.0;
				PRODUCT_BUNDLE_IDENTIFIER = Khusein.TaskManager;
				PRODUCT_NAME = "$(TARGET_NAME)";
				SUPPORTED_PLATFORMS = "iphoneos iphonesimulator";
				SUPPORTS_MACCATALYST = NO;
				SUPPORTS_MAC_DESIGNED_FOR_IPHONE_IPAD = NO;
				SWIFT_EMIT_LOC_STRINGS = YES;
				SWIFT_VERSION = 5.0;
				TARGETED_DEVICE_FAMILY = 1;
			};
			name = Debug;
		};
		E042BA4729F90E3C0084D721 /* Release */ = {
			isa = XCBuildConfiguration;
			buildSettings = {
				ASSETCATALOG_COMPILER_APPICON_NAME = AppIcon;
				ASSETCATALOG_COMPILER_GLOBAL_ACCENT_COLOR_NAME = AccentColor;
				CODE_SIGN_STYLE = Automatic;
				CURRENT_PROJECT_VERSION = 1;
				DEVELOPMENT_TEAM = C87Q7272PH;
				GENERATE_INFOPLIST_FILE = YES;
				INFOPLIST_FILE = TaskManager/App/Info.plist;
				INFOPLIST_KEY_UIApplicationSupportsIndirectInputEvents = YES;
				INFOPLIST_KEY_UILaunchStoryboardName = LaunchScreen;
				INFOPLIST_KEY_UIMainStoryboardFile = Main;
				INFOPLIST_KEY_UISupportedInterfaceOrientations_iPad = "UIInterfaceOrientationPortrait UIInterfaceOrientationPortraitUpsideDown UIInterfaceOrientationLandscapeLeft UIInterfaceOrientationLandscapeRight";
				INFOPLIST_KEY_UISupportedInterfaceOrientations_iPhone = "UIInterfaceOrientationPortrait UIInterfaceOrientationLandscapeLeft UIInterfaceOrientationLandscapeRight";
				LD_RUNPATH_SEARCH_PATHS = (
					"$(inherited)",
					"@executable_path/Frameworks",
				);
				MARKETING_VERSION = 1.0;
				PRODUCT_BUNDLE_IDENTIFIER = Khusein.TaskManager;
				PRODUCT_NAME = "$(TARGET_NAME)";
				SUPPORTED_PLATFORMS = "iphoneos iphonesimulator";
				SUPPORTS_MACCATALYST = NO;
				SUPPORTS_MAC_DESIGNED_FOR_IPHONE_IPAD = NO;
				SWIFT_EMIT_LOC_STRINGS = YES;
				SWIFT_VERSION = 5.0;
				TARGETED_DEVICE_FAMILY = 1;
			};
			name = Release;
		};
/* End XCBuildConfiguration section */

/* Begin XCConfigurationList section */
		E042BA2C29F90E370084D721 /* Build configuration list for PBXProject "TaskManager" */ = {
			isa = XCConfigurationList;
			buildConfigurations = (
				E042BA4329F90E3C0084D721 /* Debug */,
				E042BA4429F90E3C0084D721 /* Release */,
			);
			defaultConfigurationIsVisible = 0;
			defaultConfigurationName = Release;
		};
		E042BA4529F90E3C0084D721 /* Build configuration list for PBXNativeTarget "TaskManager" */ = {
			isa = XCConfigurationList;
			buildConfigurations = (
				E042BA4629F90E3C0084D721 /* Debug */,
				E042BA4729F90E3C0084D721 /* Release */,
			);
			defaultConfigurationIsVisible = 0;
			defaultConfigurationName = Release;
		};
/* End XCConfigurationList section */
	};
	rootObject = E042BA2929F90E370084D721 /* Project object */;
}
