// !$*UTF8*$!
{
	archiveVersion = 1;
	classes = {
	};
	objectVersion = 56;
	objects = {

/* Begin PBXBuildFile section */
		3489D49F29FDA05C004CC9C4 /* Info.storyboard in Resources */ = {isa = PBXBuildFile; fileRef = 3489D49E29FDA05C004CC9C4 /* Info.storyboard */; };
		E053C86D29FD3B65009C83EF /* AppDelegate.swift in Sources */ = {isa = PBXBuildFile; fileRef = E053C86C29FD3B65009C83EF /* AppDelegate.swift */; };
		E053C86F29FD3B65009C83EF /* SceneDelegate.swift in Sources */ = {isa = PBXBuildFile; fileRef = E053C86E29FD3B65009C83EF /* SceneDelegate.swift */; };
		E053C87629FD3B67009C83EF /* Assets.xcassets in Resources */ = {isa = PBXBuildFile; fileRef = E053C87529FD3B67009C83EF /* Assets.xcassets */; };
		E053C87929FD3B67009C83EF /* LaunchScreen.storyboard in Resources */ = {isa = PBXBuildFile; fileRef = E053C87729FD3B67009C83EF /* LaunchScreen.storyboard */; };
		E053C88429FD423F009C83EF /* Statistics.storyboard in Resources */ = {isa = PBXBuildFile; fileRef = E053C88329FD423F009C83EF /* Statistics.storyboard */; };
		E053C88629FD4252009C83EF /* StatisticsViewController.swift in Sources */ = {isa = PBXBuildFile; fileRef = E053C88529FD4252009C83EF /* StatisticsViewController.swift */; };
		E053C88929FD42AA009C83EF /* Task.swift in Sources */ = {isa = PBXBuildFile; fileRef = E053C88829FD42AA009C83EF /* Task.swift */; };
		E05D77D929FECC1200C4FB78 /* InfoViewController.swift in Sources */ = {isa = PBXBuildFile; fileRef = E05D77D829FECC1200C4FB78 /* InfoViewController.swift */; };
		E06DB19229FD8EDD008F9774 /* NewTaskVC.storyboard in Resources */ = {isa = PBXBuildFile; fileRef = E06DB19129FD8EDD008F9774 /* NewTaskVC.storyboard */; };
		E06DB19429FD8EE7008F9774 /* NewTaskViewController.swift in Sources */ = {isa = PBXBuildFile; fileRef = E06DB19329FD8EE7008F9774 /* NewTaskViewController.swift */; };
		E06DB19629FD9022008F9774 /* Main.storyboard in Resources */ = {isa = PBXBuildFile; fileRef = E06DB19529FD9022008F9774 /* Main.storyboard */; };
		E06DB19A29FD944E008F9774 /* TabBarViewController.swift in Sources */ = {isa = PBXBuildFile; fileRef = E06DB19929FD944E008F9774 /* TabBarViewController.swift */; };
		E06DB1B229FDBD38008F9774 /* DataStore.swift in Sources */ = {isa = PBXBuildFile; fileRef = E06DB1B129FDBD38008F9774 /* DataStore.swift */; };
		E06DB1B529FDBD4B008F9774 /* Task.storyboard in Resources */ = {isa = PBXBuildFile; fileRef = E06DB1B329FDBD4B008F9774 /* Task.storyboard */; };
		E06DB1BA29FDBD5D008F9774 /* TasksViewController.swift in Sources */ = {isa = PBXBuildFile; fileRef = E06DB1B629FDBD5D008F9774 /* TasksViewController.swift */; };
		E06DB1BB29FDBD5D008F9774 /* TasksTableViewCell.xib in Resources */ = {isa = PBXBuildFile; fileRef = E06DB1B829FDBD5D008F9774 /* TasksTableViewCell.xib */; };
		E06DB1BC29FDBD5D008F9774 /* TasksTableViewCell.swift in Sources */ = {isa = PBXBuildFile; fileRef = E06DB1B929FDBD5D008F9774 /* TasksTableViewCell.swift */; };
/* End PBXBuildFile section */

/* Begin PBXFileReference section */
		3489D49E29FDA05C004CC9C4 /* Info.storyboard */ = {isa = PBXFileReference; lastKnownFileType = file.storyboard; path = Info.storyboard; sourceTree = "<group>"; };
		E053C86929FD3B65009C83EF /* TaskManager.app */ = {isa = PBXFileReference; explicitFileType = wrapper.application; includeInIndex = 0; path = TaskManager.app; sourceTree = BUILT_PRODUCTS_DIR; };
		E053C86C29FD3B65009C83EF /* AppDelegate.swift */ = {isa = PBXFileReference; lastKnownFileType = sourcecode.swift; path = AppDelegate.swift; sourceTree = "<group>"; };
		E053C86E29FD3B65009C83EF /* SceneDelegate.swift */ = {isa = PBXFileReference; lastKnownFileType = sourcecode.swift; path = SceneDelegate.swift; sourceTree = "<group>"; };
		E053C87529FD3B67009C83EF /* Assets.xcassets */ = {isa = PBXFileReference; lastKnownFileType = folder.assetcatalog; path = Assets.xcassets; sourceTree = "<group>"; };
		E053C87829FD3B67009C83EF /* Base */ = {isa = PBXFileReference; lastKnownFileType = file.storyboard; name = Base; path = Base.lproj/LaunchScreen.storyboard; sourceTree = "<group>"; };
		E053C87A29FD3B67009C83EF /* Info.plist */ = {isa = PBXFileReference; lastKnownFileType = text.plist.xml; path = Info.plist; sourceTree = "<group>"; };
		E053C88329FD423F009C83EF /* Statistics.storyboard */ = {isa = PBXFileReference; fileEncoding = 4; lastKnownFileType = file.storyboard; path = Statistics.storyboard; sourceTree = "<group>"; };
		E053C88529FD4252009C83EF /* StatisticsViewController.swift */ = {isa = PBXFileReference; fileEncoding = 4; lastKnownFileType = sourcecode.swift; path = StatisticsViewController.swift; sourceTree = "<group>"; };
		E053C88829FD42AA009C83EF /* Task.swift */ = {isa = PBXFileReference; lastKnownFileType = sourcecode.swift; path = Task.swift; sourceTree = "<group>"; };
		E05D77D829FECC1200C4FB78 /* InfoViewController.swift */ = {isa = PBXFileReference; lastKnownFileType = sourcecode.swift; path = InfoViewController.swift; sourceTree = "<group>"; };
		E06DB19129FD8EDD008F9774 /* NewTaskVC.storyboard */ = {isa = PBXFileReference; fileEncoding = 4; lastKnownFileType = file.storyboard; path = NewTaskVC.storyboard; sourceTree = "<group>"; };
		E06DB19329FD8EE7008F9774 /* NewTaskViewController.swift */ = {isa = PBXFileReference; fileEncoding = 4; lastKnownFileType = sourcecode.swift; path = NewTaskViewController.swift; sourceTree = "<group>"; };
		E06DB19529FD9022008F9774 /* Main.storyboard */ = {isa = PBXFileReference; lastKnownFileType = file.storyboard; path = Main.storyboard; sourceTree = "<group>"; };
		E06DB19929FD944E008F9774 /* TabBarViewController.swift */ = {isa = PBXFileReference; lastKnownFileType = sourcecode.swift; path = TabBarViewController.swift; sourceTree = "<group>"; };
		E06DB1B129FDBD38008F9774 /* DataStore.swift */ = {isa = PBXFileReference; fileEncoding = 4; lastKnownFileType = sourcecode.swift; path = DataStore.swift; sourceTree = "<group>"; };
		E06DB1B429FDBD4B008F9774 /* Base */ = {isa = PBXFileReference; lastKnownFileType = file.storyboard; name = Base; path = Base.lproj/Task.storyboard; sourceTree = "<group>"; };
		E06DB1B629FDBD5D008F9774 /* TasksViewController.swift */ = {isa = PBXFileReference; fileEncoding = 4; lastKnownFileType = sourcecode.swift; path = TasksViewController.swift; sourceTree = "<group>"; };
		E06DB1B829FDBD5D008F9774 /* TasksTableViewCell.xib */ = {isa = PBXFileReference; fileEncoding = 4; lastKnownFileType = file.xib; path = TasksTableViewCell.xib; sourceTree = "<group>"; };
		E06DB1B929FDBD5D008F9774 /* TasksTableViewCell.swift */ = {isa = PBXFileReference; fileEncoding = 4; lastKnownFileType = sourcecode.swift; path = TasksTableViewCell.swift; sourceTree = "<group>"; };
/* End PBXFileReference section */

/* Begin PBXFrameworksBuildPhase section */
		E053C86629FD3B65009C83EF /* Frameworks */ = {
			isa = PBXFrameworksBuildPhase;
			buildActionMask = 2147483647;
			files = (
			);
			runOnlyForDeploymentPostprocessing = 0;
		};
/* End PBXFrameworksBuildPhase section */

/* Begin PBXGroup section */
		E053C86029FD3B65009C83EF = {
			isa = PBXGroup;
			children = (
				E053C86B29FD3B65009C83EF /* TaskManager */,
				E053C86A29FD3B65009C83EF /* Products */,
			);
			sourceTree = "<group>";
		};
		E053C86A29FD3B65009C83EF /* Products */ = {
			isa = PBXGroup;
			children = (
				E053C86929FD3B65009C83EF /* TaskManager.app */,
			);
			name = Products;
			sourceTree = "<group>";
		};
		E053C86B29FD3B65009C83EF /* TaskManager */ = {
			isa = PBXGroup;
			children = (
				E06DB1B029FDBD38008F9774 /* Services */,
				E053C88729FD429B009C83EF /* Models */,
				E053C88029FD3B7F009C83EF /* App */,
				E053C88229FD3B8C009C83EF /* ViewControllers */,
				E053C88129FD3B86009C83EF /* Storyboard */,
				E053C87529FD3B67009C83EF /* Assets.xcassets */,
			);
			path = TaskManager;
			sourceTree = "<group>";
		};
		E053C88029FD3B7F009C83EF /* App */ = {
			isa = PBXGroup;
			children = (
				E053C86C29FD3B65009C83EF /* AppDelegate.swift */,
				E053C86E29FD3B65009C83EF /* SceneDelegate.swift */,
				E053C87A29FD3B67009C83EF /* Info.plist */,
			);
			path = App;
			sourceTree = "<group>";
		};
		E053C88129FD3B86009C83EF /* Storyboard */ = {
			isa = PBXGroup;
			children = (
				E053C88329FD423F009C83EF /* Statistics.storyboard */,
				E06DB19129FD8EDD008F9774 /* NewTaskVC.storyboard */,
				E06DB1B329FDBD4B008F9774 /* Task.storyboard */,
				E053C87729FD3B67009C83EF /* LaunchScreen.storyboard */,
				E06DB19529FD9022008F9774 /* Main.storyboard */,
				3489D49E29FDA05C004CC9C4 /* Info.storyboard */,
			);
			path = Storyboard;
			sourceTree = "<group>";
		};
		E053C88229FD3B8C009C83EF /* ViewControllers */ = {
			isa = PBXGroup;
			children = (
				E06DB1B729FDBD5D008F9774 /* Cells */,
				E06DB1B629FDBD5D008F9774 /* TasksViewController.swift */,
				E053C88529FD4252009C83EF /* StatisticsViewController.swift */,
				E06DB19329FD8EE7008F9774 /* NewTaskViewController.swift */,
				E06DB19929FD944E008F9774 /* TabBarViewController.swift */,
				E05D77D829FECC1200C4FB78 /* InfoViewController.swift */,
			);
			path = ViewControllers;
			sourceTree = "<group>";
		};
		E053C88729FD429B009C83EF /* Models */ = {
			isa = PBXGroup;
			children = (
				E053C88829FD42AA009C83EF /* Task.swift */,
			);
			path = Models;
			sourceTree = "<group>";
		};
		E06DB1B029FDBD38008F9774 /* Services */ = {
			isa = PBXGroup;
			children = (
				E06DB1B129FDBD38008F9774 /* DataStore.swift */,
			);
			path = Services;
			sourceTree = "<group>";
		};
		E06DB1B729FDBD5D008F9774 /* Cells */ = {
			isa = PBXGroup;
			children = (
				E06DB1B829FDBD5D008F9774 /* TasksTableViewCell.xib */,
				E06DB1B929FDBD5D008F9774 /* TasksTableViewCell.swift */,
			);
			path = Cells;
			sourceTree = "<group>";
		};
/* End PBXGroup section */

/* Begin PBXNativeTarget section */
		E053C86829FD3B65009C83EF /* TaskManager */ = {
			isa = PBXNativeTarget;
			buildConfigurationList = E053C87D29FD3B67009C83EF /* Build configuration list for PBXNativeTarget "TaskManager" */;
			buildPhases = (
				E053C86529FD3B65009C83EF /* Sources */,
				E053C86629FD3B65009C83EF /* Frameworks */,
				E053C86729FD3B65009C83EF /* Resources */,
			);
			buildRules = (
			);
			dependencies = (
			);
			name = TaskManager;
			productName = TaskManager;
			productReference = E053C86929FD3B65009C83EF /* TaskManager.app */;
			productType = "com.apple.product-type.application";
		};
/* End PBXNativeTarget section */

/* Begin PBXProject section */
		E053C86129FD3B65009C83EF /* Project object */ = {
			isa = PBXProject;
			attributes = {
				BuildIndependentTargetsInParallel = 1;
				LastSwiftUpdateCheck = 1430;
				LastUpgradeCheck = 1430;
				TargetAttributes = {
					E053C86829FD3B65009C83EF = {
						CreatedOnToolsVersion = 14.3;
					};
				};
			};
			buildConfigurationList = E053C86429FD3B65009C83EF /* Build configuration list for PBXProject "TaskManager" */;
			compatibilityVersion = "Xcode 14.0";
			developmentRegion = en;
			hasScannedForEncodings = 0;
			knownRegions = (
				en,
				Base,
			);
			mainGroup = E053C86029FD3B65009C83EF;
			productRefGroup = E053C86A29FD3B65009C83EF /* Products */;
			projectDirPath = "";
			projectRoot = "";
			targets = (
				E053C86829FD3B65009C83EF /* TaskManager */,
			);
		};
/* End PBXProject section */

/* Begin PBXResourcesBuildPhase section */
		E053C86729FD3B65009C83EF /* Resources */ = {
			isa = PBXResourcesBuildPhase;
			buildActionMask = 2147483647;
			files = (
				3489D49F29FDA05C004CC9C4 /* Info.storyboard in Resources */,
				E053C87929FD3B67009C83EF /* LaunchScreen.storyboard in Resources */,
				E06DB1B529FDBD4B008F9774 /* Task.storyboard in Resources */,
				E06DB19629FD9022008F9774 /* Main.storyboard in Resources */,
				E053C87629FD3B67009C83EF /* Assets.xcassets in Resources */,
				E06DB1BB29FDBD5D008F9774 /* TasksTableViewCell.xib in Resources */,
				E053C88429FD423F009C83EF /* Statistics.storyboard in Resources */,
				E06DB19229FD8EDD008F9774 /* NewTaskVC.storyboard in Resources */,
			);
			runOnlyForDeploymentPostprocessing = 0;
		};
/* End PBXResourcesBuildPhase section */

/* Begin PBXSourcesBuildPhase section */
		E053C86529FD3B65009C83EF /* Sources */ = {
			isa = PBXSourcesBuildPhase;
			buildActionMask = 2147483647;
			files = (
				E06DB1B229FDBD38008F9774 /* DataStore.swift in Sources */,
				E06DB1BA29FDBD5D008F9774 /* TasksViewController.swift in Sources */,
				E06DB19A29FD944E008F9774 /* TabBarViewController.swift in Sources */,
				E06DB1BC29FDBD5D008F9774 /* TasksTableViewCell.swift in Sources */,
				E05D77D929FECC1200C4FB78 /* InfoViewController.swift in Sources */,
				E053C86D29FD3B65009C83EF /* AppDelegate.swift in Sources */,
				E053C88929FD42AA009C83EF /* Task.swift in Sources */,
				E053C86F29FD3B65009C83EF /* SceneDelegate.swift in Sources */,
				E06DB19429FD8EE7008F9774 /* NewTaskViewController.swift in Sources */,
				E053C88629FD4252009C83EF /* StatisticsViewController.swift in Sources */,
			);
			runOnlyForDeploymentPostprocessing = 0;
		};
/* End PBXSourcesBuildPhase section */

/* Begin PBXVariantGroup section */
		E053C87729FD3B67009C83EF /* LaunchScreen.storyboard */ = {
			isa = PBXVariantGroup;
			children = (
				E053C87829FD3B67009C83EF /* Base */,
			);
			name = LaunchScreen.storyboard;
			sourceTree = "<group>";
		};
		E06DB1B329FDBD4B008F9774 /* Task.storyboard */ = {
			isa = PBXVariantGroup;
			children = (
				E06DB1B429FDBD4B008F9774 /* Base */,
			);
			name = Task.storyboard;
			sourceTree = "<group>";
		};
/* End PBXVariantGroup section */

/* Begin XCBuildConfiguration section */
		E053C87B29FD3B67009C83EF /* Debug */ = {
			isa = XCBuildConfiguration;
			buildSettings = {
				ALWAYS_SEARCH_USER_PATHS = NO;
				CLANG_ANALYZER_NONNULL = YES;
				CLANG_ANALYZER_NUMBER_OBJECT_CONVERSION = YES_AGGRESSIVE;
				CLANG_CXX_LANGUAGE_STANDARD = "gnu++20";
				CLANG_ENABLE_MODULES = YES;
				CLANG_ENABLE_OBJC_ARC = YES;
				CLANG_ENABLE_OBJC_WEAK = YES;
				CLANG_WARN_BLOCK_CAPTURE_AUTORELEASING = YES;
				CLANG_WARN_BOOL_CONVERSION = YES;
				CLANG_WARN_COMMA = YES;
				CLANG_WARN_CONSTANT_CONVERSION = YES;
				CLANG_WARN_DEPRECATED_OBJC_IMPLEMENTATIONS = YES;
				CLANG_WARN_DIRECT_OBJC_ISA_USAGE = YES_ERROR;
				CLANG_WARN_DOCUMENTATION_COMMENTS = YES;
				CLANG_WARN_EMPTY_BODY = YES;
				CLANG_WARN_ENUM_CONVERSION = YES;
				CLANG_WARN_INFINITE_RECURSION = YES;
				CLANG_WARN_INT_CONVERSION = YES;
				CLANG_WARN_NON_LITERAL_NULL_CONVERSION = YES;
				CLANG_WARN_OBJC_IMPLICIT_RETAIN_SELF = YES;
				CLANG_WARN_OBJC_LITERAL_CONVERSION = YES;
				CLANG_WARN_OBJC_ROOT_CLASS = YES_ERROR;
				CLANG_WARN_QUOTED_INCLUDE_IN_FRAMEWORK_HEADER = YES;
				CLANG_WARN_RANGE_LOOP_ANALYSIS = YES;
				CLANG_WARN_STRICT_PROTOTYPES = YES;
				CLANG_WARN_SUSPICIOUS_MOVE = YES;
				CLANG_WARN_UNGUARDED_AVAILABILITY = YES_AGGRESSIVE;
				CLANG_WARN_UNREACHABLE_CODE = YES;
				CLANG_WARN__DUPLICATE_METHOD_MATCH = YES;
				COPY_PHASE_STRIP = NO;
				DEBUG_INFORMATION_FORMAT = dwarf;
				ENABLE_STRICT_OBJC_MSGSEND = YES;
				ENABLE_TESTABILITY = YES;
				GCC_C_LANGUAGE_STANDARD = gnu11;
				GCC_DYNAMIC_NO_PIC = NO;
				GCC_NO_COMMON_BLOCKS = YES;
				GCC_OPTIMIZATION_LEVEL = 0;
				GCC_PREPROCESSOR_DEFINITIONS = (
					"DEBUG=1",
					"$(inherited)",
				);
				GCC_WARN_64_TO_32_BIT_CONVERSION = YES;
				GCC_WARN_ABOUT_RETURN_TYPE = YES_ERROR;
				GCC_WARN_UNDECLARED_SELECTOR = YES;
				GCC_WARN_UNINITIALIZED_AUTOS = YES_AGGRESSIVE;
				GCC_WARN_UNUSED_FUNCTION = YES;
				GCC_WARN_UNUSED_VARIABLE = YES;
				IPHONEOS_DEPLOYMENT_TARGET = 16.4;
				MTL_ENABLE_DEBUG_INFO = INCLUDE_SOURCE;
				MTL_FAST_MATH = YES;
				ONLY_ACTIVE_ARCH = YES;
				SDKROOT = iphoneos;
				SWIFT_ACTIVE_COMPILATION_CONDITIONS = DEBUG;
				SWIFT_OPTIMIZATION_LEVEL = "-Onone";
			};
			name = Debug;
		};
		E053C87C29FD3B67009C83EF /* Release */ = {
			isa = XCBuildConfiguration;
			buildSettings = {
				ALWAYS_SEARCH_USER_PATHS = NO;
				CLANG_ANALYZER_NONNULL = YES;
				CLANG_ANALYZER_NUMBER_OBJECT_CONVERSION = YES_AGGRESSIVE;
				CLANG_CXX_LANGUAGE_STANDARD = "gnu++20";
				CLANG_ENABLE_MODULES = YES;
				CLANG_ENABLE_OBJC_ARC = YES;
				CLANG_ENABLE_OBJC_WEAK = YES;
				CLANG_WARN_BLOCK_CAPTURE_AUTORELEASING = YES;
				CLANG_WARN_BOOL_CONVERSION = YES;
				CLANG_WARN_COMMA = YES;
				CLANG_WARN_CONSTANT_CONVERSION = YES;
				CLANG_WARN_DEPRECATED_OBJC_IMPLEMENTATIONS = YES;
				CLANG_WARN_DIRECT_OBJC_ISA_USAGE = YES_ERROR;
				CLANG_WARN_DOCUMENTATION_COMMENTS = YES;
				CLANG_WARN_EMPTY_BODY = YES;
				CLANG_WARN_ENUM_CONVERSION = YES;
				CLANG_WARN_INFINITE_RECURSION = YES;
				CLANG_WARN_INT_CONVERSION = YES;
				CLANG_WARN_NON_LITERAL_NULL_CONVERSION = YES;
				CLANG_WARN_OBJC_IMPLICIT_RETAIN_SELF = YES;
				CLANG_WARN_OBJC_LITERAL_CONVERSION = YES;
				CLANG_WARN_OBJC_ROOT_CLASS = YES_ERROR;
				CLANG_WARN_QUOTED_INCLUDE_IN_FRAMEWORK_HEADER = YES;
				CLANG_WARN_RANGE_LOOP_ANALYSIS = YES;
				CLANG_WARN_STRICT_PROTOTYPES = YES;
				CLANG_WARN_SUSPICIOUS_MOVE = YES;
				CLANG_WARN_UNGUARDED_AVAILABILITY = YES_AGGRESSIVE;
				CLANG_WARN_UNREACHABLE_CODE = YES;
				CLANG_WARN__DUPLICATE_METHOD_MATCH = YES;
				COPY_PHASE_STRIP = NO;
				DEBUG_INFORMATION_FORMAT = "dwarf-with-dsym";
				ENABLE_NS_ASSERTIONS = NO;
				ENABLE_STRICT_OBJC_MSGSEND = YES;
				GCC_C_LANGUAGE_STANDARD = gnu11;
				GCC_NO_COMMON_BLOCKS = YES;
				GCC_WARN_64_TO_32_BIT_CONVERSION = YES;
				GCC_WARN_ABOUT_RETURN_TYPE = YES_ERROR;
				GCC_WARN_UNDECLARED_SELECTOR = YES;
				GCC_WARN_UNINITIALIZED_AUTOS = YES_AGGRESSIVE;
				GCC_WARN_UNUSED_FUNCTION = YES;
				GCC_WARN_UNUSED_VARIABLE = YES;
				IPHONEOS_DEPLOYMENT_TARGET = 16.4;
				MTL_ENABLE_DEBUG_INFO = NO;
				MTL_FAST_MATH = YES;
				SDKROOT = iphoneos;
				SWIFT_COMPILATION_MODE = wholemodule;
				SWIFT_OPTIMIZATION_LEVEL = "-O";
				VALIDATE_PRODUCT = YES;
			};
			name = Release;
		};
		E053C87E29FD3B67009C83EF /* Debug */ = {
			isa = XCBuildConfiguration;
			buildSettings = {
				ASSETCATALOG_COMPILER_APPICON_NAME = AppIcon;
				ASSETCATALOG_COMPILER_GLOBAL_ACCENT_COLOR_NAME = AccentColor;
				CODE_SIGN_STYLE = Automatic;
				CURRENT_PROJECT_VERSION = 1;
				DEVELOPMENT_TEAM = C87Q7272PH;
				GENERATE_INFOPLIST_FILE = YES;
				INFOPLIST_FILE = TaskManager/App/Info.plist;
				INFOPLIST_KEY_UIApplicationSupportsIndirectInputEvents = YES;
				INFOPLIST_KEY_UILaunchStoryboardName = LaunchScreen;
				INFOPLIST_KEY_UIMainStoryboardFile = Statistics;
				INFOPLIST_KEY_UISupportedInterfaceOrientations = UIInterfaceOrientationPortrait;
				INFOPLIST_KEY_UISupportedInterfaceOrientations_iPad = "UIInterfaceOrientationLandscapeLeft UIInterfaceOrientationLandscapeRight UIInterfaceOrientationPortrait UIInterfaceOrientationPortraitUpsideDown";
				LD_RUNPATH_SEARCH_PATHS = (
					"$(inherited)",
					"@executable_path/Frameworks",
				);
				MARKETING_VERSION = 1.0;
				PRODUCT_BUNDLE_IDENTIFIER = Khusein.TaskManager;
				PRODUCT_NAME = "$(TARGET_NAME)";
				SUPPORTED_PLATFORMS = "iphoneos iphonesimulator";
				SUPPORTS_MACCATALYST = NO;
				SUPPORTS_MAC_DESIGNED_FOR_IPHONE_IPAD = NO;
				SWIFT_EMIT_LOC_STRINGS = YES;
				SWIFT_VERSION = 5.0;
				TARGETED_DEVICE_FAMILY = 1;
			};
			name = Debug;
		};
		E053C87F29FD3B67009C83EF /* Release */ = {
			isa = XCBuildConfiguration;
			buildSettings = {
				ASSETCATALOG_COMPILER_APPICON_NAME = AppIcon;
				ASSETCATALOG_COMPILER_GLOBAL_ACCENT_COLOR_NAME = AccentColor;
				CODE_SIGN_STYLE = Automatic;
				CURRENT_PROJECT_VERSION = 1;
				DEVELOPMENT_TEAM = C87Q7272PH;
				GENERATE_INFOPLIST_FILE = YES;
				INFOPLIST_FILE = TaskManager/App/Info.plist;
				INFOPLIST_KEY_UIApplicationSupportsIndirectInputEvents = YES;
				INFOPLIST_KEY_UILaunchStoryboardName = LaunchScreen;
				INFOPLIST_KEY_UIMainStoryboardFile = Statistics;
				INFOPLIST_KEY_UISupportedInterfaceOrientations = UIInterfaceOrientationPortrait;
				INFOPLIST_KEY_UISupportedInterfaceOrientations_iPad = "UIInterfaceOrientationLandscapeLeft UIInterfaceOrientationLandscapeRight UIInterfaceOrientationPortrait UIInterfaceOrientationPortraitUpsideDown";
				LD_RUNPATH_SEARCH_PATHS = (
					"$(inherited)",
					"@executable_path/Frameworks",
				);
				MARKETING_VERSION = 1.0;
				PRODUCT_BUNDLE_IDENTIFIER = Khusein.TaskManager;
				PRODUCT_NAME = "$(TARGET_NAME)";
				SUPPORTED_PLATFORMS = "iphoneos iphonesimulator";
				SUPPORTS_MACCATALYST = NO;
				SUPPORTS_MAC_DESIGNED_FOR_IPHONE_IPAD = NO;
				SWIFT_EMIT_LOC_STRINGS = YES;
				SWIFT_VERSION = 5.0;
				TARGETED_DEVICE_FAMILY = 1;
			};
			name = Release;
		};
/* End XCBuildConfiguration section */

/* Begin XCConfigurationList section */
		E053C86429FD3B65009C83EF /* Build configuration list for PBXProject "TaskManager" */ = {
			isa = XCConfigurationList;
			buildConfigurations = (
				E053C87B29FD3B67009C83EF /* Debug */,
				E053C87C29FD3B67009C83EF /* Release */,
			);
			defaultConfigurationIsVisible = 0;
			defaultConfigurationName = Release;
		};
		E053C87D29FD3B67009C83EF /* Build configuration list for PBXNativeTarget "TaskManager" */ = {
			isa = XCConfigurationList;
			buildConfigurations = (
				E053C87E29FD3B67009C83EF /* Debug */,
				E053C87F29FD3B67009C83EF /* Release */,
			);
			defaultConfigurationIsVisible = 0;
			defaultConfigurationName = Release;
		};
/* End XCConfigurationList section */
	};
	rootObject = E053C86129FD3B65009C83EF /* Project object */;
}
